
Microsoft Visual Studio Solution File, Format Version 12.00
# Visual Studio Version 16
VisualStudioVersion = 16.0.29418.71
MinimumVisualStudioVersion = 10.0.40219.1
Project("{FAE04EC0-301F-11D3-BF4B-00C04F79EFBC}") = "Pożyczki", "Pożyczki\Pożyczki.csproj", "{D890E5F5-DC85-4D85-A1EC-0C654B4276BB}"
EndProject
Global
	GlobalSection(SolutionConfigurationPlatforms) = preSolution
		Debug|Any CPU = Debug|Any CPU
		Release|Any CPU = Release|Any CPU
	EndGlobalSection
	GlobalSection(ProjectConfigurationPlatforms) = postSolution
		{D890E5F5-DC85-4D85-A1EC-0C654B4276BB}.Debug|Any CPU.ActiveCfg = Debug|Any CPU
		{D890E5F5-DC85-4D85-A1EC-0C654B4276BB}.Debug|Any CPU.Build.0 = Debug|Any CPU
		{D890E5F5-DC85-4D85-A1EC-0C654B4276BB}.Release|Any CPU.ActiveCfg = Release|Any CPU
		{D890E5F5-DC85-4D85-A1EC-0C654B4276BB}.Release|Any CPU.Build.0 = Release|Any CPU
	EndGlobalSection
	GlobalSection(SolutionProperties) = preSolution
		HideSolutionNode = FALSE
	EndGlobalSection
	GlobalSection(ExtensibilityGlobals) = postSolution
		SolutionGuid = {23C71F1B-9CDD-430D-8EC1-5374FF7EC1AA}
	EndGlobalSection
EndGlobal
